
Microsoft Visual Studio Solution File, Format Version 12.00
# Visual Studio Version 17
VisualStudioVersion = 17.9.34728.123
MinimumVisualStudioVersion = 10.0.40219.1
Project("{8BC9CEB8-8B4A-11D0-8D11-00A0C91BC942}") = "chess-engine", "chess-engine\chess-engine.vcxproj", "{2B95BD01-643E-46EC-BF42-E91787322B32}"
EndProject
Project("{8BC9CEB8-8B4A-11D0-8D11-00A0C91BC942}") = "tests", "tests\tests.vcxproj", "{06D81B0B-A1CB-46E9-97E7-DAA63099C4E6}"
EndProject
Project("{8BC9CEB8-8B4A-11D0-8D11-00A0C91BC942}") = "chess-engine-lib", "chess-engine-lib\chess-engine-lib.vcxproj", "{9D021FD4-5E92-4F62-806E-B2D1E963390B}"
EndProject
Project("{2150E333-8FDC-42A3-9474-1A3956D46DE8}") = "Solution Items", "Solution Items", "{7CBABEEE-70BB-4F22-B1F0-BB27084B3498}"
	ProjectSection(SolutionItems) = preProject
		.clang-format = .clang-format
		ideas.txt = ideas.txt
	EndProjectSection
EndProject
Global
	GlobalSection(SolutionConfigurationPlatforms) = preSolution
		Debug|x64 = Debug|x64
		Release|x64 = Release|x64
	EndGlobalSection
	GlobalSection(ProjectConfigurationPlatforms) = postSolution
		{2B95BD01-643E-46EC-BF42-E91787322B32}.Debug|x64.ActiveCfg = Debug|x64
		{2B95BD01-643E-46EC-BF42-E91787322B32}.Debug|x64.Build.0 = Debug|x64
		{2B95BD01-643E-46EC-BF42-E91787322B32}.Release|x64.ActiveCfg = Release|x64
		{2B95BD01-643E-46EC-BF42-E91787322B32}.Release|x64.Build.0 = Release|x64
		{06D81B0B-A1CB-46E9-97E7-DAA63099C4E6}.Debug|x64.ActiveCfg = Debug|x64
		{06D81B0B-A1CB-46E9-97E7-DAA63099C4E6}.Debug|x64.Build.0 = Debug|x64
		{06D81B0B-A1CB-46E9-97E7-DAA63099C4E6}.Release|x64.ActiveCfg = Release|x64
		{06D81B0B-A1CB-46E9-97E7-DAA63099C4E6}.Release|x64.Build.0 = Release|x64
		{9D021FD4-5E92-4F62-806E-B2D1E963390B}.Debug|x64.ActiveCfg = Debug|x64
		{9D021FD4-5E92-4F62-806E-B2D1E963390B}.Debug|x64.Build.0 = Debug|x64
		{9D021FD4-5E92-4F62-806E-B2D1E963390B}.Release|x64.ActiveCfg = Release|x64
		{9D021FD4-5E92-4F62-806E-B2D1E963390B}.Release|x64.Build.0 = Release|x64
	EndGlobalSection
	GlobalSection(SolutionProperties) = preSolution
		HideSolutionNode = FALSE
	EndGlobalSection
	GlobalSection(ExtensibilityGlobals) = postSolution
		SolutionGuid = {DFF74DF4-1001-4338-B9DA-65D0F979F0E5}
	EndGlobalSection
EndGlobal
